
Microsoft Visual Studio Solution File, Format Version 12.00
# Visual Studio Version 17
VisualStudioVersion = 17.5.33627.172
MinimumVisualStudioVersion = 10.0.40219.1
Project("{FAE04EC0-301F-11D3-BF4B-00C04F79EFBC}") = "FiorEllo", "FiorEllo\FiorEllo.csproj", "{3C4A530D-0799-41B9-8116-46E9F6346D55}"
EndProject
Global
	GlobalSection(SolutionConfigurationPlatforms) = preSolution
		Debug|Any CPU = Debug|Any CPU
		Release|Any CPU = Release|Any CPU
	EndGlobalSection
	GlobalSection(ProjectConfigurationPlatforms) = postSolution
		{3C4A530D-0799-41B9-8116-46E9F6346D55}.Debug|Any CPU.ActiveCfg = Debug|Any CPU
		{3C4A530D-0799-41B9-8116-46E9F6346D55}.Debug|Any CPU.Build.0 = Debug|Any CPU
		{3C4A530D-0799-41B9-8116-46E9F6346D55}.Release|Any CPU.ActiveCfg = Release|Any CPU
		{3C4A530D-0799-41B9-8116-46E9F6346D55}.Release|Any CPU.Build.0 = Release|Any CPU
	EndGlobalSection
	GlobalSection(SolutionProperties) = preSolution
		HideSolutionNode = FALSE
	EndGlobalSection
	GlobalSection(ExtensibilityGlobals) = postSolution
		SolutionGuid = {CDB036EE-AB58-4EB3-83DD-5BC7724F89FC}
	EndGlobalSection
EndGlobal
